// !$*UTF8*$!
{
	archiveVersion = 1;
	classes = {
	};
	objectVersion = 46;
	objects = {

/* Begin PBXBuildFile section */
		5142EBDB1D70CF5E00D5E5FB /* main.m in Sources */ = {isa = PBXBuildFile; fileRef = 5142EBDA1D70CF5E00D5E5FB /* main.m */; };
		5142EBDE1D70CF5E00D5E5FB /* AppDelegate.m in Sources */ = {isa = PBXBuildFile; fileRef = 5142EBDD1D70CF5E00D5E5FB /* AppDelegate.m */; };
		5142EBE11D70CF5E00D5E5FB /* ViewController.m in Sources */ = {isa = PBXBuildFile; fileRef = 5142EBE01D70CF5E00D5E5FB /* ViewController.m */; };
		5142EBE41D70CF5E00D5E5FB /* Main.storyboard in Resources */ = {isa = PBXBuildFile; fileRef = 5142EBE21D70CF5E00D5E5FB /* Main.storyboard */; };
		5142EBE61D70CF5E00D5E5FB /* Assets.xcassets in Resources */ = {isa = PBXBuildFile; fileRef = 5142EBE51D70CF5E00D5E5FB /* Assets.xcassets */; };
		5142EBE91D70CF5E00D5E5FB /* LaunchScreen.storyboard in Resources */ = {isa = PBXBuildFile; fileRef = 5142EBE71D70CF5E00D5E5FB /* LaunchScreen.storyboard */; };
/* End PBXBuildFile section */

/* Begin PBXFileReference section */
		5142EBD61D70CF5E00D5E5FB /* MishMash.app */ = {isa = PBXFileReference; explicitFileType = wrapper.application; includeInIndex = 0; path = MishMash.app; sourceTree = BUILT_PRODUCTS_DIR; };
		5142EBDA1D70CF5E00D5E5FB /* main.m */ = {isa = PBXFileReference; lastKnownFileType = sourcecode.c.objc; path = main.m; sourceTree = "<group>"; };
		5142EBDC1D70CF5E00D5E5FB /* AppDelegate.h */ = {isa = PBXFileReference; lastKnownFileType = sourcecode.c.h; path = AppDelegate.h; sourceTree = "<group>"; };
		5142EBDD1D70CF5E00D5E5FB /* AppDelegate.m */ = {isa = PBXFileReference; lastKnownFileType = sourcecode.c.objc; path = AppDelegate.m; sourceTree = "<group>"; };
		5142EBDF1D70CF5E00D5E5FB /* ViewController.h */ = {isa = PBXFileReference; lastKnownFileType = sourcecode.c.h; path = ViewController.h; sourceTree = "<group>"; };
		5142EBE01D70CF5E00D5E5FB /* ViewController.m */ = {isa = PBXFileReference; lastKnownFileType = sourcecode.c.objc; path = ViewController.m; sourceTree = "<group>"; };
		5142EBE31D70CF5E00D5E5FB /* Base */ = {isa = PBXFileReference; lastKnownFileType = file.storyboard; name = Base; path = Base.lproj/Main.storyboard; sourceTree = "<group>"; };
		5142EBE51D70CF5E00D5E5FB /* Assets.xcassets */ = {isa = PBXFileReference; lastKnownFileType = folder.assetcatalog; path = Assets.xcassets; sourceTree = "<group>"; };
		5142EBE81D70CF5E00D5E5FB /* Base */ = {isa = PBXFileReference; lastKnownFileType = file.storyboard; name = Base; path = Base.lproj/LaunchScreen.storyboard; sourceTree = "<group>"; };
		5142EBEA1D70CF5E00D5E5FB /* Info.plist */ = {isa = PBXFileReference; lastKnownFileType = text.plist.xml; path = Info.plist; sourceTree = "<group>"; };
/* End PBXFileReference section */

/* Begin PBXFrameworksBuildPhase section */
		5142EBD31D70CF5E00D5E5FB /* Frameworks */ = {
			isa = PBXFrameworksBuildPhase;
			buildActionMask = 2147483647;
			files = (
			);
			runOnlyForDeploymentPostprocessing = 0;
		};
/* End PBXFrameworksBuildPhase section */

/* Begin PBXGroup section */
		5142EBCD1D70CF5E00D5E5FB = {
			isa = PBXGroup;
			children = (
				5142EBD81D70CF5E00D5E5FB /* MishMash */,
				5142EBD71D70CF5E00D5E5FB /* Products */,
			);
			sourceTree = "<group>";
		};
		5142EBD71D70CF5E00D5E5FB /* Products */ = {
			isa = PBXGroup;
			children = (
				5142EBD61D70CF5E00D5E5FB /* MishMash.app */,
			);
			name = Products;
			sourceTree = "<group>";
		};
		5142EBD81D70CF5E00D5E5FB /* MishMash */ = {
			isa = PBXGroup;
			children = (
				5142EBDC1D70CF5E00D5E5FB /* AppDelegate.h */,
				5142EBDD1D70CF5E00D5E5FB /* AppDelegate.m */,
				5142EBDF1D70CF5E00D5E5FB /* ViewController.h */,
				5142EBE01D70CF5E00D5E5FB /* ViewController.m */,
				5142EBE21D70CF5E00D5E5FB /* Main.storyboard */,
				5142EBE51D70CF5E00D5E5FB /* Assets.xcassets */,
				5142EBE71D70CF5E00D5E5FB /* LaunchScreen.storyboard */,
				5142EBEA1D70CF5E00D5E5FB /* Info.plist */,
				5142EBD91D70CF5E00D5E5FB /* Supporting Files */,
			);
			path = MishMash;
			sourceTree = "<group>";
		};
		5142EBD91D70CF5E00D5E5FB /* Supporting Files */ = {
			isa = PBXGroup;
			children = (
				5142EBDA1D70CF5E00D5E5FB /* main.m */,
			);
			name = "Supporting Files";
			sourceTree = "<group>";
		};
/* End PBXGroup section */

/* Begin PBXNativeTarget section */
		5142EBD51D70CF5E00D5E5FB /* MishMash */ = {
			isa = PBXNativeTarget;
			buildConfigurationList = 5142EBED1D70CF5E00D5E5FB /* Build configuration list for PBXNativeTarget "MishMash" */;
			buildPhases = (
				5142EBD21D70CF5E00D5E5FB /* Sources */,
				5142EBD31D70CF5E00D5E5FB /* Frameworks */,
				5142EBD41D70CF5E00D5E5FB /* Resources */,
			);
			buildRules = (
			);
			dependencies = (
			);
			name = MishMash;
			productName = MishMash;
			productReference = 5142EBD61D70CF5E00D5E5FB /* MishMash.app */;
			productType = "com.apple.product-type.application";
		};
/* End PBXNativeTarget section */

/* Begin PBXProject section */
		5142EBCE1D70CF5E00D5E5FB /* Project object */ = {
			isa = PBXProject;
			attributes = {
				LastUpgradeCheck = 0730;
				ORGANIZATIONNAME = "Nikolas Haase";
				TargetAttributes = {
					5142EBD51D70CF5E00D5E5FB = {
						CreatedOnToolsVersion = 7.3.1;
					};
				};
			};
			buildConfigurationList = 5142EBD11D70CF5E00D5E5FB /* Build configuration list for PBXProject "MishMash" */;
			compatibilityVersion = "Xcode 3.2";
			developmentRegion = English;
			hasScannedForEncodings = 0;
			knownRegions = (
				en,
				Base,
			);
			mainGroup = 5142EBCD1D70CF5E00D5E5FB;
			productRefGroup = 5142EBD71D70CF5E00D5E5FB /* Products */;
			projectDirPath = "";
			projectRoot = "";
			targets = (
				5142EBD51D70CF5E00D5E5FB /* MishMash */,
			);
		};
/* End PBXProject section */

/* Begin PBXResourcesBuildPhase section */
		5142EBD41D70CF5E00D5E5FB /* Resources */ = {
			isa = PBXResourcesBuildPhase;
			buildActionMask = 2147483647;
			files = (
				5142EBE91D70CF5E00D5E5FB /* LaunchScreen.storyboard in Resources */,
				5142EBE61D70CF5E00D5E5FB /* Assets.xcassets in Resources */,
				5142EBE41D70CF5E00D5E5FB /* Main.storyboard in Resources */,
			);
			runOnlyForDeploymentPostprocessing = 0;
		};
/* End PBXResourcesBuildPhase section */

/* Begin PBXSourcesBuildPhase section */
		5142EBD21D70CF5E00D5E5FB /* Sources */ = {
			isa = PBXSourcesBuildPhase;
			buildActionMask = 2147483647;
			files = (
				5142EBE11D70CF5E00D5E5FB /* ViewController.m in Sources */,
				5142EBDE1D70CF5E00D5E5FB /* AppDelegate.m in Sources */,
				5142EBDB1D70CF5E00D5E5FB /* main.m in Sources */,
			);
			runOnlyForDeploymentPostprocessing = 0;
		};
/* End PBXSourcesBuildPhase section */

/* Begin PBXVariantGroup section */
		5142EBE21D70CF5E00D5E5FB /* Main.storyboard */ = {
			isa = PBXVariantGroup;
			children = (
				5142EBE31D70CF5E00D5E5FB /* Base */,
			);
			name = Main.storyboard;
			sourceTree = "<group>";
		};
		5142EBE71D70CF5E00D5E5FB /* LaunchScreen.storyboard */ = {
			isa = PBXVariantGroup;
			children = (
				5142EBE81D70CF5E00D5E5FB /* Base */,
			);
			name = LaunchScreen.storyboard;
			sourceTree = "<group>";
		};
/* End PBXVariantGroup section */

/* Begin XCBuildConfiguration section */
		5142EBEB1D70CF5E00D5E5FB /* Debug */ = {
			isa = XCBuildConfiguration;
			buildSettings = {
				ALWAYS_SEARCH_USER_PATHS = NO;
				CLANG_ANALYZER_NONNULL = YES;
				CLANG_CXX_LANGUAGE_STANDARD = "gnu++0x";
				CLANG_CXX_LIBRARY = "libc++";
				CLANG_ENABLE_MODULES = YES;
				CLANG_ENABLE_OBJC_ARC = YES;
				CLANG_WARN_BOOL_CONVERSION = YES;
				CLANG_WARN_CONSTANT_CONVERSION = YES;
				CLANG_WARN_DIRECT_OBJC_ISA_USAGE = YES_ERROR;
				CLANG_WARN_EMPTY_BODY = YES;
				CLANG_WARN_ENUM_CONVERSION = YES;
				CLANG_WARN_INT_CONVERSION = YES;
				CLANG_WARN_OBJC_ROOT_CLASS = YES_ERROR;
				CLANG_WARN_UNREACHABLE_CODE = YES;
				CLANG_WARN__DUPLICATE_METHOD_MATCH = YES;
				"CODE_SIGN_IDENTITY[sdk=iphoneos*]" = "iPhone Developer";
				COPY_PHASE_STRIP = NO;
				DEBUG_INFORMATION_FORMAT = dwarf;
				ENABLE_STRICT_OBJC_MSGSEND = YES;
				ENABLE_TESTABILITY = YES;
				GCC_C_LANGUAGE_STANDARD = gnu99;
				GCC_DYNAMIC_NO_PIC = NO;
				GCC_NO_COMMON_BLOCKS = YES;
				GCC_OPTIMIZATION_LEVEL = 0;
				GCC_PREPROCESSOR_DEFINITIONS = (
					"DEBUG=1",
					"$(inherited)",
				);
				GCC_WARN_64_TO_32_BIT_CONVERSION = YES;
				GCC_WARN_ABOUT_RETURN_TYPE = YES_ERROR;
				GCC_WARN_UNDECLARED_SELECTOR = YES;
				GCC_WARN_UNINITIALIZED_AUTOS = YES_AGGRESSIVE;
				GCC_WARN_UNUSED_FUNCTION = YES;
				GCC_WARN_UNUSED_VARIABLE = YES;
				IPHONEOS_DEPLOYMENT_TARGET = 9.3;
				MTL_ENABLE_DEBUG_INFO = YES;
				ONLY_ACTIVE_ARCH = YES;
				SDKROOT = iphoneos;
			};
			name = Debug;
		};
		5142EBEC1D70CF5E00D5E5FB /* Release */ = {
			isa = XCBuildConfiguration;
			buildSettings = {
				ALWAYS_SEARCH_USER_PATHS = NO;
				CLANG_ANALYZER_NONNULL = YES;
				CLANG_CXX_LANGUAGE_STANDARD = "gnu++0x";
				CLANG_CXX_LIBRARY = "libc++";
				CLANG_ENABLE_MODULES = YES;
				CLANG_ENABLE_OBJC_ARC = YES;
				CLANG_WARN_BOOL_CONVERSION = YES;
				CLANG_WARN_CONSTANT_CONVERSION = YES;
				CLANG_WARN_DIRECT_OBJC_ISA_USAGE = YES_ERROR;
				CLANG_WARN_EMPTY_BODY = YES;
				CLANG_WARN_ENUM_CONVERSION = YES;
				CLANG_WARN_INT_CONVERSION = YES;
				CLANG_WARN_OBJC_ROOT_CLASS = YES_ERROR;
				CLANG_WARN_UNREACHABLE_CODE = YES;
				CLANG_WARN__DUPLICATE_METHOD_MATCH = YES;
				"CODE_SIGN_IDENTITY[sdk=iphoneos*]" = "iPhone Developer";
				COPY_PHASE_STRIP = NO;
				DEBUG_INFORMATION_FORMAT = "dwarf-with-dsym";
				ENABLE_NS_ASSERTIONS = NO;
				ENABLE_STRICT_OBJC_MSGSEND = YES;
				GCC_C_LANGUAGE_STANDARD = gnu99;
				GCC_NO_COMMON_BLOCKS = YES;
				GCC_WARN_64_TO_32_BIT_CONVERSION = YES;
				GCC_WARN_ABOUT_RETURN_TYPE = YES_ERROR;
				GCC_WARN_UNDECLARED_SELECTOR = YES;
				GCC_WARN_UNINITIALIZED_AUTOS = YES_AGGRESSIVE;
				GCC_WARN_UNUSED_FUNCTION = YES;
				GCC_WARN_UNUSED_VARIABLE = YES;
				IPHONEOS_DEPLOYMENT_TARGET = 9.3;
				MTL_ENABLE_DEBUG_INFO = NO;
				SDKROOT = iphoneos;
				VALIDATE_PRODUCT = YES;
			};
			name = Release;
		};
		5142EBEE1D70CF5E00D5E5FB /* Debug */ = {
			isa = XCBuildConfiguration;
			buildSettings = {
				ASSETCATALOG_COMPILER_APPICON_NAME = AppIcon;
				INFOPLIST_FILE = MishMash/Info.plist;
				LD_RUNPATH_SEARCH_PATHS = "$(inherited) @executable_path/Frameworks";
				PRODUCT_BUNDLE_IDENTIFIER = com.MishMash.MishMash;
				PRODUCT_NAME = "$(TARGET_NAME)";
			};
			name = Debug;
		};
		5142EBEF1D70CF5E00D5E5FB /* Release */ = {
			isa = XCBuildConfiguration;
			buildSettings = {
				ASSETCATALOG_COMPILER_APPICON_NAME = AppIcon;
				INFOPLIST_FILE = MishMash/Info.plist;
				LD_RUNPATH_SEARCH_PATHS = "$(inherited) @executable_path/Frameworks";
				PRODUCT_BUNDLE_IDENTIFIER = com.MishMash.MishMash;
				PRODUCT_NAME = "$(TARGET_NAME)";
			};
			name = Release;
		};
/* End XCBuildConfiguration section */

/* Begin XCConfigurationList section */
		5142EBD11D70CF5E00D5E5FB /* Build configuration list for PBXProject "MishMash" */ = {
			isa = XCConfigurationList;
			buildConfigurations = (
				5142EBEB1D70CF5E00D5E5FB /* Debug */,
				5142EBEC1D70CF5E00D5E5FB /* Release */,
			);
			defaultConfigurationIsVisible = 0;
			defaultConfigurationName = Release;
		};
		5142EBED1D70CF5E00D5E5FB /* Build configuration list for PBXNativeTarget "MishMash" */ = {
			isa = XCConfigurationList;
			buildConfigurations = (
				5142EBEE1D70CF5E00D5E5FB /* Debug */,
				5142EBEF1D70CF5E00D5E5FB /* Release */,
			);
			defaultConfigurationIsVisible = 0;
		};
/* End XCConfigurationList section */
	};
	rootObject = 5142EBCE1D70CF5E00D5E5FB /* Project object */;
}
